# This file is autogenerated, do not edit; changes may be undone by the next 'dep ensure'.


[[projects]]
  branch = "master"
  digest = "1:bb081811ce41f847c9e8f3cc45b5169295485d851cc10d0ae77d419d79beb5d8"
  name = "github.com/eugenmayer/go-sshclient"
  packages = [
    "scpwrapper",
    "sshwrapper",
  ]
  pruneopts = "UT"
  revision = "89b60317c9569c2af11be6490a5fa52a3e90fa26"

[[projects]]
  branch = "master"
  digest = "1:400e113a367b511b9b09ca642ee11d9885485a93838526d697033af334a2fdde"
  name = "github.com/kballard/go-shellquote"
  packages = ["."]
  pruneopts = "UT"
  revision = "95032a82bc518f77982ea72343cc1ade730072f0"

[[projects]]
  branch = "master"
  digest = "1:81fe238a08446da05b59ac061f97fbe75a6ef09a1eabf0ad9010c7a5b45dac44"
  name = "golang.org/x/crypto"
  packages = [
    "curve25519",
    "ed25519",
    "ed25519/internal/edwards25519",
    "internal/chacha20",
    "internal/subtle",
    "poly1305",
    "ssh",
    "ssh/agent",
  ]
  pruneopts = "UT"
  revision = "dab2b1051b5dd33a57e97c4774ed152e6a6c9a13"

[solve-meta]
  analyzer-name = "dep"
  analyzer-version = 1
  input-imports = ["github.com/eugenmayer/go-sshclient/sshwrapper"]
  solver-name = "gps-cdcl"
  solver-version = 1
